
Microsoft Visual Studio Solution File, Format Version 12.00
# Visual Studio Version 16
VisualStudioVersion = 16.0.31911.196
MinimumVisualStudioVersion = 10.0.40219.1
Project("{FAE04EC0-301F-11D3-BF4B-00C04F79EFBC}") = "PuzzleCraftGame", "PuzzleCraftGame\PuzzleCraftGame.csproj", "{BFADF990-27FB-4AC4-98F2-99AADA61C1A0}"
EndProject
Global
	GlobalSection(SolutionConfigurationPlatforms) = preSolution
		Debug|Any CPU = Debug|Any CPU
		Release|Any CPU = Release|Any CPU
	EndGlobalSection
	GlobalSection(ProjectConfigurationPlatforms) = postSolution
		{BFADF990-27FB-4AC4-98F2-99AADA61C1A0}.Debug|Any CPU.ActiveCfg = Debug|Any CPU
		{BFADF990-27FB-4AC4-98F2-99AADA61C1A0}.Debug|Any CPU.Build.0 = Debug|Any CPU
		{BFADF990-27FB-4AC4-98F2-99AADA61C1A0}.Release|Any CPU.ActiveCfg = Release|Any CPU
		{BFADF990-27FB-4AC4-98F2-99AADA61C1A0}.Release|Any CPU.Build.0 = Release|Any CPU
	EndGlobalSection
	GlobalSection(SolutionProperties) = preSolution
		HideSolutionNode = FALSE
	EndGlobalSection
	GlobalSection(ExtensibilityGlobals) = postSolution
		SolutionGuid = {41561223-0962-47EC-B34A-6AFDB0402EE9}
	EndGlobalSection
EndGlobal
